// !$*UTF8*$!
{
	archiveVersion = 1;
	classes = {
	};
	objectVersion = 50;
	objects = {

/* Begin PBXBuildFile section */
		4125A511222922F500F1DB91 /* SkillVC.swift in Sources */ = {isa = PBXBuildFile; fileRef = 4125A510222922F500F1DB91 /* SkillVC.swift */; };
		4145BE3722383A1100456162 /* LeagueVC.swift in Sources */ = {isa = PBXBuildFile; fileRef = 4145BE3622383A1100456162 /* LeagueVC.swift */; };
		4145BE392238E8C300456162 /* PLayer.swift in Sources */ = {isa = PBXBuildFile; fileRef = 4145BE382238E8C300456162 /* PLayer.swift */; };
		41AFA58D222586180057402F /* AppDelegate.swift in Sources */ = {isa = PBXBuildFile; fileRef = 41AFA58C222586180057402F /* AppDelegate.swift */; };
		41AFA58F222586180057402F /* WelcomeVC.swift in Sources */ = {isa = PBXBuildFile; fileRef = 41AFA58E222586180057402F /* WelcomeVC.swift */; };
		41AFA592222586180057402F /* Main.storyboard in Resources */ = {isa = PBXBuildFile; fileRef = 41AFA590222586180057402F /* Main.storyboard */; };
		41AFA5942225861A0057402F /* Assets.xcassets in Resources */ = {isa = PBXBuildFile; fileRef = 41AFA5932225861A0057402F /* Assets.xcassets */; };
		41AFA5972225861A0057402F /* LaunchScreen.storyboard in Resources */ = {isa = PBXBuildFile; fileRef = 41AFA5952225861A0057402F /* LaunchScreen.storyboard */; };
		41AFA5A0222592270057402F /* BorderButton.swift in Sources */ = {isa = PBXBuildFile; fileRef = 41AFA59F222592270057402F /* BorderButton.swift */; };
/* End PBXBuildFile section */

/* Begin PBXFileReference section */
		4125A510222922F500F1DB91 /* SkillVC.swift */ = {isa = PBXFileReference; lastKnownFileType = sourcecode.swift; path = SkillVC.swift; sourceTree = "<group>"; };
		4145BE3622383A1100456162 /* LeagueVC.swift */ = {isa = PBXFileReference; lastKnownFileType = sourcecode.swift; path = LeagueVC.swift; sourceTree = "<group>"; };
		4145BE382238E8C300456162 /* PLayer.swift */ = {isa = PBXFileReference; lastKnownFileType = sourcecode.swift; path = PLayer.swift; sourceTree = "<group>"; };
		41AFA589222586180057402F /* Swoosh.app */ = {isa = PBXFileReference; explicitFileType = wrapper.application; includeInIndex = 0; path = Swoosh.app; sourceTree = BUILT_PRODUCTS_DIR; };
		41AFA58C222586180057402F /* AppDelegate.swift */ = {isa = PBXFileReference; lastKnownFileType = sourcecode.swift; path = AppDelegate.swift; sourceTree = "<group>"; };
		41AFA58E222586180057402F /* WelcomeVC.swift */ = {isa = PBXFileReference; lastKnownFileType = sourcecode.swift; path = WelcomeVC.swift; sourceTree = "<group>"; };
		41AFA591222586180057402F /* Base */ = {isa = PBXFileReference; lastKnownFileType = file.storyboard; name = Base; path = Base.lproj/Main.storyboard; sourceTree = "<group>"; };
		41AFA5932225861A0057402F /* Assets.xcassets */ = {isa = PBXFileReference; lastKnownFileType = folder.assetcatalog; path = Assets.xcassets; sourceTree = "<group>"; };
		41AFA5962225861A0057402F /* Base */ = {isa = PBXFileReference; lastKnownFileType = file.storyboard; name = Base; path = Base.lproj/LaunchScreen.storyboard; sourceTree = "<group>"; };
		41AFA5982225861A0057402F /* Info.plist */ = {isa = PBXFileReference; lastKnownFileType = text.plist.xml; path = Info.plist; sourceTree = "<group>"; };
		41AFA59F222592270057402F /* BorderButton.swift */ = {isa = PBXFileReference; lastKnownFileType = sourcecode.swift; path = BorderButton.swift; sourceTree = "<group>"; };
/* End PBXFileReference section */

/* Begin PBXFrameworksBuildPhase section */
		41AFA586222586180057402F /* Frameworks */ = {
			isa = PBXFrameworksBuildPhase;
			buildActionMask = 2147483647;
			files = (
			);
			runOnlyForDeploymentPostprocessing = 0;
		};
/* End PBXFrameworksBuildPhase section */

/* Begin PBXGroup section */
		4125A50C2229220700F1DB91 /* Model */ = {
			isa = PBXGroup;
			children = (
				4145BE382238E8C300456162 /* PLayer.swift */,
			);
			path = Model;
			sourceTree = "<group>";
		};
		4125A50D2229221100F1DB91 /* Controller */ = {
			isa = PBXGroup;
			children = (
				41AFA58E222586180057402F /* WelcomeVC.swift */,
				4125A510222922F500F1DB91 /* SkillVC.swift */,
				4145BE3622383A1100456162 /* LeagueVC.swift */,
			);
			path = Controller;
			sourceTree = "<group>";
		};
		41AFA580222586180057402F = {
			isa = PBXGroup;
			children = (
				41AFA58B222586180057402F /* Swoosh */,
				41AFA58A222586180057402F /* Products */,
			);
			sourceTree = "<group>";
		};
		41AFA58A222586180057402F /* Products */ = {
			isa = PBXGroup;
			children = (
				41AFA589222586180057402F /* Swoosh.app */,
			);
			name = Products;
			sourceTree = "<group>";
		};
		41AFA58B222586180057402F /* Swoosh */ = {
			isa = PBXGroup;
			children = (
				4125A50D2229221100F1DB91 /* Controller */,
				4125A50C2229220700F1DB91 /* Model */,
				41AFA59E222591540057402F /* View */,
				41AFA58C222586180057402F /* AppDelegate.swift */,
				41AFA590222586180057402F /* Main.storyboard */,
				41AFA5932225861A0057402F /* Assets.xcassets */,
				41AFA5952225861A0057402F /* LaunchScreen.storyboard */,
				41AFA5982225861A0057402F /* Info.plist */,
			);
			path = Swoosh;
			sourceTree = "<group>";
		};
		41AFA59E222591540057402F /* View */ = {
			isa = PBXGroup;
			children = (
				41AFA59F222592270057402F /* BorderButton.swift */,
			);
			path = View;
			sourceTree = "<group>";
		};
/* End PBXGroup section */

/* Begin PBXNativeTarget section */
		41AFA588222586180057402F /* Swoosh */ = {
			isa = PBXNativeTarget;
			buildConfigurationList = 41AFA59B2225861A0057402F /* Build configuration list for PBXNativeTarget "Swoosh" */;
			buildPhases = (
				41AFA585222586180057402F /* Sources */,
				41AFA586222586180057402F /* Frameworks */,
				41AFA587222586180057402F /* Resources */,
			);
			buildRules = (
			);
			dependencies = (
			);
			name = Swoosh;
			productName = Swoosh;
			productReference = 41AFA589222586180057402F /* Swoosh.app */;
			productType = "com.apple.product-type.application";
		};
/* End PBXNativeTarget section */

/* Begin PBXProject section */
		41AFA581222586180057402F /* Project object */ = {
			isa = PBXProject;
			attributes = {
				LastSwiftUpdateCheck = 1010;
				LastUpgradeCheck = 1010;
				ORGANIZATIONNAME = "Anna Nosova";
				TargetAttributes = {
					41AFA588222586180057402F = {
						CreatedOnToolsVersion = 10.1;
					};
				};
			};
			buildConfigurationList = 41AFA584222586180057402F /* Build configuration list for PBXProject "Swoosh" */;
			compatibilityVersion = "Xcode 9.3";
			developmentRegion = en;
			hasScannedForEncodings = 0;
			knownRegions = (
				en,
				Base,
			);
			mainGroup = 41AFA580222586180057402F;
			productRefGroup = 41AFA58A222586180057402F /* Products */;
			projectDirPath = "";
			projectRoot = "";
			targets = (
				41AFA588222586180057402F /* Swoosh */,
			);
		};
/* End PBXProject section */

/* Begin PBXResourcesBuildPhase section */
		41AFA587222586180057402F /* Resources */ = {
			isa = PBXResourcesBuildPhase;
			buildActionMask = 2147483647;
			files = (
				41AFA5972225861A0057402F /* LaunchScreen.storyboard in Resources */,
				41AFA5942225861A0057402F /* Assets.xcassets in Resources */,
				41AFA592222586180057402F /* Main.storyboard in Resources */,
			);
			runOnlyForDeploymentPostprocessing = 0;
		};
/* End PBXResourcesBuildPhase section */

/* Begin PBXSourcesBuildPhase section */
		41AFA585222586180057402F /* Sources */ = {
			isa = PBXSourcesBuildPhase;
			buildActionMask = 2147483647;
			files = (
				4145BE392238E8C300456162 /* PLayer.swift in Sources */,
				4145BE3722383A1100456162 /* LeagueVC.swift in Sources */,
				41AFA58F222586180057402F /* WelcomeVC.swift in Sources */,
				41AFA58D222586180057402F /* AppDelegate.swift in Sources */,
				4125A511222922F500F1DB91 /* SkillVC.swift in Sources */,
				41AFA5A0222592270057402F /* BorderButton.swift in Sources */,
			);
			runOnlyForDeploymentPostprocessing = 0;
		};
/* End PBXSourcesBuildPhase section */

/* Begin PBXVariantGroup section */
		41AFA590222586180057402F /* Main.storyboard */ = {
			isa = PBXVariantGroup;
			children = (
				41AFA591222586180057402F /* Base */,
			);
			name = Main.storyboard;
			sourceTree = "<group>";
		};
		41AFA5952225861A0057402F /* LaunchScreen.storyboard */ = {
			isa = PBXVariantGroup;
			children = (
				41AFA5962225861A0057402F /* Base */,
			);
			name = LaunchScreen.storyboard;
			sourceTree = "<group>";
		};
/* End PBXVariantGroup section */

/* Begin XCBuildConfiguration section */
		41AFA5992225861A0057402F /* Debug */ = {
			isa = XCBuildConfiguration;
			buildSettings = {
				ALWAYS_SEARCH_USER_PATHS = NO;
				CLANG_ANALYZER_NONNULL = YES;
				CLANG_ANALYZER_NUMBER_OBJECT_CONVERSION = YES_AGGRESSIVE;
				CLANG_CXX_LANGUAGE_STANDARD = "gnu++14";
				CLANG_CXX_LIBRARY = "libc++";
				CLANG_ENABLE_MODULES = YES;
				CLANG_ENABLE_OBJC_ARC = YES;
				CLANG_ENABLE_OBJC_WEAK = YES;
				CLANG_WARN_BLOCK_CAPTURE_AUTORELEASING = YES;
				CLANG_WARN_BOOL_CONVERSION = YES;
				CLANG_WARN_COMMA = YES;
				CLANG_WARN_CONSTANT_CONVERSION = YES;
				CLANG_WARN_DEPRECATED_OBJC_IMPLEMENTATIONS = YES;
				CLANG_WARN_DIRECT_OBJC_ISA_USAGE = YES_ERROR;
				CLANG_WARN_DOCUMENTATION_COMMENTS = YES;
				CLANG_WARN_EMPTY_BODY = YES;
				CLANG_WARN_ENUM_CONVERSION = YES;
				CLANG_WARN_INFINITE_RECURSION = YES;
				CLANG_WARN_INT_CONVERSION = YES;
				CLANG_WARN_NON_LITERAL_NULL_CONVERSION = YES;
				CLANG_WARN_OBJC_IMPLICIT_RETAIN_SELF = YES;
				CLANG_WARN_OBJC_LITERAL_CONVERSION = YES;
				CLANG_WARN_OBJC_ROOT_CLASS = YES_ERROR;
				CLANG_WARN_RANGE_LOOP_ANALYSIS = YES;
				CLANG_WARN_STRICT_PROTOTYPES = YES;
				CLANG_WARN_SUSPICIOUS_MOVE = YES;
				CLANG_WARN_UNGUARDED_AVAILABILITY = YES_AGGRESSIVE;
				CLANG_WARN_UNREACHABLE_CODE = YES;
				CLANG_WARN__DUPLICATE_METHOD_MATCH = YES;
				CODE_SIGN_IDENTITY = "iPhone Developer";
				COPY_PHASE_STRIP = NO;
				DEBUG_INFORMATION_FORMAT = dwarf;
				ENABLE_STRICT_OBJC_MSGSEND = YES;
				ENABLE_TESTABILITY = YES;
				GCC_C_LANGUAGE_STANDARD = gnu11;
				GCC_DYNAMIC_NO_PIC = NO;
				GCC_NO_COMMON_BLOCKS = YES;
				GCC_OPTIMIZATION_LEVEL = 0;
				GCC_PREPROCESSOR_DEFINITIONS = (
					"DEBUG=1",
					"$(inherited)",
				);
				GCC_WARN_64_TO_32_BIT_CONVERSION = YES;
				GCC_WARN_ABOUT_RETURN_TYPE = YES_ERROR;
				GCC_WARN_UNDECLARED_SELECTOR = YES;
				GCC_WARN_UNINITIALIZED_AUTOS = YES_AGGRESSIVE;
				GCC_WARN_UNUSED_FUNCTION = YES;
				GCC_WARN_UNUSED_VARIABLE = YES;
				IPHONEOS_DEPLOYMENT_TARGET = 12.1;
				MTL_ENABLE_DEBUG_INFO = INCLUDE_SOURCE;
				MTL_FAST_MATH = YES;
				ONLY_ACTIVE_ARCH = YES;
				SDKROOT = iphoneos;
				SWIFT_ACTIVE_COMPILATION_CONDITIONS = DEBUG;
				SWIFT_OPTIMIZATION_LEVEL = "-Onone";
			};
			name = Debug;
		};
		41AFA59A2225861A0057402F /* Release */ = {
			isa = XCBuildConfiguration;
			buildSettings = {
				ALWAYS_SEARCH_USER_PATHS = NO;
				CLANG_ANALYZER_NONNULL = YES;
				CLANG_ANALYZER_NUMBER_OBJECT_CONVERSION = YES_AGGRESSIVE;
				CLANG_CXX_LANGUAGE_STANDARD = "gnu++14";
				CLANG_CXX_LIBRARY = "libc++";
				CLANG_ENABLE_MODULES = YES;
				CLANG_ENABLE_OBJC_ARC = YES;
				CLANG_ENABLE_OBJC_WEAK = YES;
				CLANG_WARN_BLOCK_CAPTURE_AUTORELEASING = YES;
				CLANG_WARN_BOOL_CONVERSION = YES;
				CLANG_WARN_COMMA = YES;
				CLANG_WARN_CONSTANT_CONVERSION = YES;
				CLANG_WARN_DEPRECATED_OBJC_IMPLEMENTATIONS = YES;
				CLANG_WARN_DIRECT_OBJC_ISA_USAGE = YES_ERROR;
				CLANG_WARN_DOCUMENTATION_COMMENTS = YES;
				CLANG_WARN_EMPTY_BODY = YES;
				CLANG_WARN_ENUM_CONVERSION = YES;
				CLANG_WARN_INFINITE_RECURSION = YES;
				CLANG_WARN_INT_CONVERSION = YES;
				CLANG_WARN_NON_LITERAL_NULL_CONVERSION = YES;
				CLANG_WARN_OBJC_IMPLICIT_RETAIN_SELF = YES;
				CLANG_WARN_OBJC_LITERAL_CONVERSION = YES;
				CLANG_WARN_OBJC_ROOT_CLASS = YES_ERROR;
				CLANG_WARN_RANGE_LOOP_ANALYSIS = YES;
				CLANG_WARN_STRICT_PROTOTYPES = YES;
				CLANG_WARN_SUSPICIOUS_MOVE = YES;
				CLANG_WARN_UNGUARDED_AVAILABILITY = YES_AGGRESSIVE;
				CLANG_WARN_UNREACHABLE_CODE = YES;
				CLANG_WARN__DUPLICATE_METHOD_MATCH = YES;
				CODE_SIGN_IDENTITY = "iPhone Developer";
				COPY_PHASE_STRIP = NO;
				DEBUG_INFORMATION_FORMAT = "dwarf-with-dsym";
				ENABLE_NS_ASSERTIONS = NO;
				ENABLE_STRICT_OBJC_MSGSEND = YES;
				GCC_C_LANGUAGE_STANDARD = gnu11;
				GCC_NO_COMMON_BLOCKS = YES;
				GCC_WARN_64_TO_32_BIT_CONVERSION = YES;
				GCC_WARN_ABOUT_RETURN_TYPE = YES_ERROR;
				GCC_WARN_UNDECLARED_SELECTOR = YES;
				GCC_WARN_UNINITIALIZED_AUTOS = YES_AGGRESSIVE;
				GCC_WARN_UNUSED_FUNCTION = YES;
				GCC_WARN_UNUSED_VARIABLE = YES;
				IPHONEOS_DEPLOYMENT_TARGET = 12.1;
				MTL_ENABLE_DEBUG_INFO = NO;
				MTL_FAST_MATH = YES;
				SDKROOT = iphoneos;
				SWIFT_COMPILATION_MODE = wholemodule;
				SWIFT_OPTIMIZATION_LEVEL = "-O";
				VALIDATE_PRODUCT = YES;
			};
			name = Release;
		};
		41AFA59C2225861A0057402F /* Debug */ = {
			isa = XCBuildConfiguration;
			buildSettings = {
				ASSETCATALOG_COMPILER_APPICON_NAME = AppIcon;
				CODE_SIGN_STYLE = Automatic;
				DEVELOPMENT_TEAM = F726S473TK;
				INFOPLIST_FILE = Swoosh/Info.plist;
				LD_RUNPATH_SEARCH_PATHS = (
					"$(inherited)",
					"@executable_path/Frameworks",
				);
				PRODUCT_BUNDLE_IDENTIFIER = lndl.Swoosh;
				PRODUCT_NAME = "$(TARGET_NAME)";
				SWIFT_VERSION = 4.2;
				TARGETED_DEVICE_FAMILY = "1,2";
			};
			name = Debug;
		};
		41AFA59D2225861A0057402F /* Release */ = {
			isa = XCBuildConfiguration;
			buildSettings = {
				ASSETCATALOG_COMPILER_APPICON_NAME = AppIcon;
				CODE_SIGN_STYLE = Automatic;
				DEVELOPMENT_TEAM = F726S473TK;
				INFOPLIST_FILE = Swoosh/Info.plist;
				LD_RUNPATH_SEARCH_PATHS = (
					"$(inherited)",
					"@executable_path/Frameworks",
				);
				PRODUCT_BUNDLE_IDENTIFIER = lndl.Swoosh;
				PRODUCT_NAME = "$(TARGET_NAME)";
				SWIFT_VERSION = 4.2;
				TARGETED_DEVICE_FAMILY = "1,2";
			};
			name = Release;
		};
/* End XCBuildConfiguration section */

/* Begin XCConfigurationList section */
		41AFA584222586180057402F /* Build configuration list for PBXProject "Swoosh" */ = {
			isa = XCConfigurationList;
			buildConfigurations = (
				41AFA5992225861A0057402F /* Debug */,
				41AFA59A2225861A0057402F /* Release */,
			);
			defaultConfigurationIsVisible = 0;
			defaultConfigurationName = Release;
		};
		41AFA59B2225861A0057402F /* Build configuration list for PBXNativeTarget "Swoosh" */ = {
			isa = XCConfigurationList;
			buildConfigurations = (
				41AFA59C2225861A0057402F /* Debug */,
				41AFA59D2225861A0057402F /* Release */,
			);
			defaultConfigurationIsVisible = 0;
			defaultConfigurationName = Release;
		};
/* End XCConfigurationList section */
	};
	rootObject = 41AFA581222586180057402F /* Project object */;
}
